schema: '2.0'
stages:
  training:
    cmd: python src/DimondPricePrediction/pipelines/training_pipeline.py
    deps:
    - path: src/DimondPricePrediction/components/data_ingestion.py
      hash: md5
      md5: 83f4a4d794024aedc09f761b6db8db82
      size: 2295
    - path: src/DimondPricePrediction/components/data_transformation.py
      hash: md5
      md5: 31ade1689b6fd215c92031c6a5606c10
      size: 4441
    - path: src/DimondPricePrediction/components/model_evaluation.py
      hash: md5
      md5: 9832f2035e40be18241057045e356abc
      size: 1487
    - path: src/DimondPricePrediction/components/model_trainer.py
      hash: md5
      md5: f4b59855ea7c33c2db9e11b4e0640a73
      size: 2598
    - path: src/DimondPricePrediction/pipelines/training_pipeline.py
      hash: md5
      md5: 9a250465642d8e1ac24741cadaf1aaf9
      size: 3361
    outs:
    - path: artifacts/model.pkl
      hash: md5
      md5: 15586e96a72a8d060bd807f425209cdc
      size: 591
    - path: artifacts/preprocessor.pkl
      hash: md5
      md5: 786781711294deeb469a0753fc5a58d1
      size: 3029
    - path: artifacts/raw.csv
      hash: md5
      md5: e1f4368c8c79226f73e2e9773524948d
      size: 10462254
    - path: artifacts/test.csv
      hash: md5
      md5: d8641ba7d11a16e07920d9f810cd0502
      size: 2615955
    - path: artifacts/train.csv
      hash: md5
      md5: f83b1c31ccb511b400511b7e3b989f6d
      size: 7846350
