schema: '2.0'
stages:
  training:
    cmd: python src/DimondPricePrediction/pipelines/training_pipeline.py
    deps:
    - path: src/DimondPricePrediction/components/data_ingestion.py
      hash: md5
      md5: 83f4a4d794024aedc09f761b6db8db82
      size: 2295
    - path: src/DimondPricePrediction/components/data_transformation.py
      hash: md5
      md5: 31ade1689b6fd215c92031c6a5606c10
      size: 4441
    - path: src/DimondPricePrediction/components/model_evaluation.py
      hash: md5
      md5: 4d2e5aa0f58d7aeeb1cf69fba54e691e
      size: 2180
    - path: src/DimondPricePrediction/components/model_trainer.py
      hash: md5
      md5: a21909f1e9df229398f8789dca7cdeba
      size: 2451
    - path: src/DimondPricePrediction/pipelines/training_pipeline.py
      hash: md5
      md5: 83252edb15806256bd24306d3e1956cd
      size: 1927
    outs:
    - path: artifacts/model.pkl
      hash: md5
      md5: 322cef71e300ec6a28b35ab3d2215678
      size: 511
    - path: artifacts/preprocessor.pkl
      hash: md5
      md5: 7262d4fe1903e0695ff06a9aecbaeb96
      size: 3118
    - path: artifacts/raw.csv
      hash: md5
      md5: 14ddfc56c931255ee10d3859d0ac4fc0
      size: 10462804
    - path: artifacts/test.csv
      hash: md5
      md5: 67d549b1893b1bad4d28832cfc7043c2
      size: 2615292
    - path: artifacts/train.csv
      hash: md5
      md5: a8e86eb83d92f4bb2e98ad54e6815728
      size: 7847563
