schema: '2.0'
stages:
  training:
    cmd: python src/DimondPricePrediction/pipelines/training_pipeline.py
    deps:
    - path: src/DimondPricePrediction/components/data_ingestion.py
      hash: md5
      md5: 83f4a4d794024aedc09f761b6db8db82
      size: 2295
    - path: src/DimondPricePrediction/components/data_transformation.py
      hash: md5
      md5: 31ade1689b6fd215c92031c6a5606c10
      size: 4441
    - path: src/DimondPricePrediction/components/model_evaluation.py
      hash: md5
      md5: 9832f2035e40be18241057045e356abc
      size: 1487
    - path: src/DimondPricePrediction/components/model_trainer.py
      hash: md5
      md5: c23026bbd667d5168af8893d0880e211
      size: 2740
    - path: src/DimondPricePrediction/pipelines/training_pipeline.py
      hash: md5
      md5: a6acaf9ac9162995f9550936115df13d
      size: 2889
    outs:
    - path: artifacts/model.pkl
      hash: md5
      md5: affd234e7a2ffbcedc650e57d453f286
      size: 547
    - path: artifacts/preprocessor.pkl
      hash: md5
      md5: 192c3a136818fd87c72886ddab924eb2
      size: 3029
    - path: artifacts/raw.csv
      hash: md5
      md5: e1f4368c8c79226f73e2e9773524948d
      size: 10462254
    - path: artifacts/test.csv
      hash: md5
      md5: 83eef117a564c7bbbf89ed868d20e651
      size: 2615746
    - path: artifacts/train.csv
      hash: md5
      md5: 7fef65db30e4a9b8c0ba3d77adbe6627
      size: 7846559
